
Microsoft Visual Studio Solution File, Format Version 12.00
# Visual Studio Version 16
VisualStudioVersion = 16.0.30611.23
MinimumVisualStudioVersion = 10.0.40219.1
Project("{9A19103F-16F7-4668-BE54-9A1E7A4F7556}") = "QualificationsAPI", "QualificationsAPI\QualificationsAPI.csproj", "{B82A5E30-6EC6-4251-97D8-A20280E8B17D}"
EndProject
Project("{2150E333-8FDC-42A3-9474-1A3956D46DE8}") = "Solution Items", "Solution Items", "{9F01EDCD-A74E-4EE9-BA40-4DE468911C81}"
	ProjectSection(SolutionItems) = preProject
		.editorconfig = .editorconfig
	EndProjectSection
EndProject
Global
	GlobalSection(SolutionConfigurationPlatforms) = preSolution
		Debug|Any CPU = Debug|Any CPU
		Release|Any CPU = Release|Any CPU
	EndGlobalSection
	GlobalSection(ProjectConfigurationPlatforms) = postSolution
		{B82A5E30-6EC6-4251-97D8-A20280E8B17D}.Debug|Any CPU.ActiveCfg = Debug|Any CPU
		{B82A5E30-6EC6-4251-97D8-A20280E8B17D}.Debug|Any CPU.Build.0 = Debug|Any CPU
		{B82A5E30-6EC6-4251-97D8-A20280E8B17D}.Release|Any CPU.ActiveCfg = Release|Any CPU
		{B82A5E30-6EC6-4251-97D8-A20280E8B17D}.Release|Any CPU.Build.0 = Release|Any CPU
	EndGlobalSection
	GlobalSection(SolutionProperties) = preSolution
		HideSolutionNode = FALSE
	EndGlobalSection
	GlobalSection(ExtensibilityGlobals) = postSolution
		SolutionGuid = {16FA48E1-5013-46CC-B999-CE952C24FBF2}
	EndGlobalSection
EndGlobal
